<?xml version="1.0" encoding="utf-8"?>
<Project ToolsVersion="4.0" xmlns="http://schemas.microsoft.com/developer/msbuild/2003">
  <ItemGroup>
    <Filter Include="Core">
      <UniqueIdentifier>{2EB4837C-1AEB-840D-C3D7-6A10AFED000F}</UniqueIdentifier>
    </Filter>
    <Filter Include="Levels">
      <UniqueIdentifier>{30308DC0-1CD2-B796-058D-CBEAF1CD3EE7}</UniqueIdentifier>
    </Filter>
  </ItemGroup>
  <ItemGroup>
    <ClInclude Include="Source\Core\Assert.h">
      <Filter>Core</Filter>
    </ClInclude>
    <ClInclude Include="Source\Core\Core.h">
      <Filter>Core</Filter>
    </ClInclude>
    <ClInclude Include="Source\Core\Log.h">
      <Filter>Core</Filter>
    </ClInclude>
    <ClInclude Include="Source\Core\Math.h">
      <Filter>Core</Filter>
    </ClInclude>
    <ClInclude Include="Source\LevelManager.h" />
    <ClInclude Include="Source\Levels\BaseLevel.h">
      <Filter>Levels</Filter>
    </ClInclude>
    <ClInclude Include="Source\Levels\TestLevel.h">
      <Filter>Levels</Filter>
    </ClInclude>
    <ClInclude Include="Source\SDL_Wrapper.h" />
    <ClInclude Include="Source\GameObjects\GameObjects.h" />
    <ClInclude Include="Source\GameObjects\Maze.h" />
  </ItemGroup>
  <ItemGroup>
    <ClCompile Include="Source\Application.c" />
    <ClCompile Include="Source\LevelManager.c" />
    <ClCompile Include="Source\Levels\TestLevel.c">
      <Filter>Levels</Filter>
    </ClCompile>
    <ClCompile Include="Source\SDL_Wrapper.c" />
    <ClCompile Include="Source\GameObjects\GameObjects.c" />
    <ClCompile Include="Source\GameObjects\Maze.c" />
    <ClCompile Include="Source\GameObjects\Player.h" />
    <ClCompile Include="Source\GameObjects\Player.c" />
    <ClCompile Include="Source\Core\Core.c" />
  </ItemGroup>
</Project>